{
  "name": "ssr",
  "lockfileVersion": 2,
  "requires": true,
  "packages": {
    "": {
      "name": "ssr",
      "dependencies": {
        "@cloudcommerce/firebase": "file:../../../packages/firebase",
        "@cloudcommerce/ssr": "file:../../../packages/ssr",
        "@cloudcommerce/storefront": "file:../../../packages/storefront",
        "link": "^1.5.1"
      },
      "engines": {
        "node": "16"
      }
    },
    "../../../node_modules/.pnpm/@fastify+deepmerge@1.1.0/node_modules/@fastify/deepmerge": {
      "version": "1.1.0",
      "license": "MIT",
      "devDependencies": {
        "standard": "^17.0.0",
        "tap": "^16.3.0",
        "tsd": "^0.22.0"
      }
    },
    "../../../node_modules/.pnpm/@firebase+app-types@0.7.0/node_modules/@firebase/app-types": {
      "version": "0.7.0",
      "dev": true,
      "license": "Apache-2.0",
      "devDependencies": {
        "typescript": "4.2.2"
      }
    },
    "../../../node_modules/.pnpm/@google-cloud+pubsub@3.1.1/node_modules/@google-cloud/pubsub": {
      "version": "3.1.1",
      "license": "Apache-2.0",
      "dependencies": {
        "@google-cloud/paginator": "^4.0.0",
        "@google-cloud/precise-date": "^3.0.0",
        "@google-cloud/projectify": "^3.0.0",
        "@google-cloud/promisify": "^2.0.0",
        "@opentelemetry/api": "^1.0.0",
        "@opentelemetry/semantic-conventions": "~1.3.0",
        "@types/duplexify": "^3.6.0",
        "@types/long": "^4.0.0",
        "arrify": "^2.0.0",
        "extend": "^3.0.2",
        "google-auth-library": "^8.0.2",
        "google-gax": "^3.3.0",
        "is-stream-ended": "^0.1.4",
        "lodash.snakecase": "^4.1.1",
        "p-defer": "^3.0.0"
      },
      "devDependencies": {
        "@grpc/proto-loader": "^0.7.0",
        "@opentelemetry/tracing": "^0.24.0",
        "@types/execa": "^0.9.0",
        "@types/extend": "^3.0.0",
        "@types/lodash.snakecase": "^4.1.6",
        "@types/mocha": "^9.0.0",
        "@types/mv": "^2.1.0",
        "@types/ncp": "^2.0.1",
        "@types/node": "^16.0.0",
        "@types/proxyquire": "^1.3.28",
        "@types/sinon": "^10.0.0",
        "@types/tmp": "^0.2.0",
        "@types/uuid": "^8.0.0",
        "c8": "^7.0.0",
        "codecov": "^3.0.0",
        "execa": "^5.0.0",
        "gts": "^3.1.0",
        "jsdoc": "^3.6.2",
        "jsdoc-fresh": "^2.0.0",
        "jsdoc-region-tag": "^2.0.0",
        "linkinator": "^4.0.0",
        "mocha": "^9.2.2",
        "mv": "^2.1.1",
        "ncp": "^2.0.0",
        "null-loader": "^4.0.0",
        "protobufjs": "^7.0.0",
        "proxyquire": "^2.0.0",
        "sinon": "^14.0.0",
        "tmp": "^0.2.0",
        "ts-loader": "^9.0.0",
        "typescript": "^4.6.4",
        "uuid": "^8.0.0",
        "webpack": "^5.0.0",
        "webpack-cli": "^4.0.0",
        "yargs": "^16.0.0"
      },
      "engines": {
        "node": ">=12.0.0"
      }
    },
    "../../../node_modules/.pnpm/firebase-admin@11.0.1_@firebase+app-types@0.7.0/node_modules/firebase-admin": {
      "version": "11.0.1",
      "license": "Apache-2.0",
      "dependencies": {
        "@fastify/busboy": "^1.1.0",
        "@firebase/database-compat": "^0.2.3",
        "@firebase/database-types": "^0.9.7",
        "@types/node": ">=12.12.47",
        "jsonwebtoken": "^8.5.1",
        "jwks-rsa": "^2.0.2",
        "node-forge": "^1.3.1",
        "uuid": "^8.3.2"
      },
      "devDependencies": {
        "@firebase/api-documenter": "^0.2.0",
        "@firebase/app-compat": "^0.1.2",
        "@firebase/auth-compat": "^0.2.5",
        "@firebase/auth-types": "^0.11.0",
        "@microsoft/api-extractor": "^7.11.2",
        "@types/bcrypt": "^5.0.0",
        "@types/chai": "^4.0.0",
        "@types/chai-as-promised": "^7.1.0",
        "@types/firebase-token-generator": "^2.0.28",
        "@types/jsonwebtoken": "8.5.1",
        "@types/lodash": "^4.14.104",
        "@types/minimist": "^1.2.2",
        "@types/mocha": "^9.0.0",
        "@types/nock": "^11.1.0",
        "@types/request": "^2.47.0",
        "@types/request-promise": "^4.1.41",
        "@types/sinon": "^10.0.2",
        "@types/sinon-chai": "^3.0.0",
        "@types/uuid": "^8.3.4",
        "@typescript-eslint/eslint-plugin": "^5.0.0",
        "@typescript-eslint/parser": "^5.0.0",
        "bcrypt": "^5.0.0",
        "chai": "^4.2.0",
        "chai-as-promised": "^7.0.0",
        "chai-exclude": "^2.1.0",
        "chalk": "^4.1.1",
        "child-process-promise": "^2.2.1",
        "del": "^6.0.0",
        "eslint": "^8.12.0",
        "firebase-token-generator": "^2.0.0",
        "gulp": "^4.0.2",
        "gulp-filter": "^7.0.0",
        "gulp-header": "^2.0.9",
        "gulp-typescript": "^5.0.1",
        "http-message-parser": "^0.0.34",
        "lodash": "^4.17.15",
        "minimist": "^1.2.6",
        "mocha": "^10.0.0",
        "mz": "^2.7.0",
        "nock": "^13.0.0",
        "npm-run-all": "^4.1.5",
        "nyc": "^15.1.0",
        "request": "^2.75.0",
        "request-promise": "^4.1.1",
        "run-sequence": "^2.2.1",
        "sinon": "^14.0.0",
        "sinon-chai": "^3.0.0",
        "ts-node": "^10.2.0",
        "typescript": "^4.6.4",
        "yargs": "^17.0.1"
      },
      "engines": {
        "node": ">=14"
      },
      "optionalDependencies": {
        "@google-cloud/firestore": "^5.0.2",
        "@google-cloud/storage": "^6.1.0"
      }
    },
    "../../../node_modules/.pnpm/firebase-functions@3.23.0_firebase-admin@11.0.1/node_modules/firebase-functions": {
      "version": "3.23.0",
      "license": "MIT",
      "dependencies": {
        "@types/cors": "^2.8.5",
        "@types/express": "4.17.3",
        "cors": "^2.8.5",
        "express": "^4.17.1",
        "lodash": "^4.17.14",
        "node-fetch": "^2.6.7"
      },
      "bin": {
        "firebase-functions": "lib/bin/firebase-functions.js"
      },
      "devDependencies": {
        "@firebase/api-documenter": "^0.2.0",
        "@microsoft/api-documenter": "^7.13.45",
        "@microsoft/api-extractor": "^7.18.7",
        "@types/chai": "^4.1.7",
        "@types/chai-as-promised": "^7.1.0",
        "@types/jsonwebtoken": "^8.3.2",
        "@types/lodash": "^4.14.135",
        "@types/mocha": "^5.2.7",
        "@types/mock-require": "^2.0.0",
        "@types/nock": "^10.0.3",
        "@types/node": "^8.10.50",
        "@types/node-fetch": "^3.0.3",
        "@types/sinon": "^7.0.13",
        "api-extractor-model-me": "^0.1.1",
        "chai": "^4.2.0",
        "chai-as-promised": "^7.1.1",
        "child-process-promise": "^2.2.1",
        "firebase-admin": "^10.3.0",
        "js-yaml": "^3.13.1",
        "jsdom": "^16.2.1",
        "jsonwebtoken": "^8.5.1",
        "jwk-to-pem": "^2.0.5",
        "mocha": "^6.1.4",
        "mock-require": "^3.0.3",
        "mz": "^2.7.0",
        "nock": "^10.0.6",
        "node-fetch": "^2.6.7",
        "portfinder": "^1.0.28",
        "prettier": "^1.18.2",
        "semver": "^7.3.5",
        "sinon": "^7.3.2",
        "ts-node": "^10.4.0",
        "tslint": "^5.18.0",
        "tslint-config-prettier": "^1.18.0",
        "tslint-no-unused-expression-chai": "^0.1.4",
        "tslint-plugin-prettier": "^2.0.1",
        "typedoc": "0.23.7",
        "typescript": "^4.3.5",
        "yargs": "^15.3.1"
      },
      "engines": {
        "node": "^8.13.0 || >=10.10.0"
      },
      "peerDependencies": {
        "firebase-admin": "^8.0.0 || ^9.0.0 || ^10.0.0 || ^11.0.0"
      }
    },
    "../../../node_modules/.pnpm/node-fetch@3.2.10/node_modules/node-fetch": {
      "version": "3.2.10",
      "license": "MIT",
      "dependencies": {
        "data-uri-to-buffer": "^4.0.0",
        "fetch-blob": "^3.1.4",
        "formdata-polyfill": "^4.0.10"
      },
      "devDependencies": {
        "abort-controller": "^3.0.0",
        "abortcontroller-polyfill": "^1.7.1",
        "busboy": "^1.4.0",
        "c8": "^7.7.2",
        "chai": "^4.3.4",
        "chai-as-promised": "^7.1.1",
        "chai-iterator": "^3.0.2",
        "chai-string": "^1.5.0",
        "coveralls": "^3.1.0",
        "form-data": "^4.0.0",
        "formdata-node": "^4.2.4",
        "mocha": "^9.1.3",
        "p-timeout": "^5.0.0",
        "stream-consumers": "^1.0.1",
        "tsd": "^0.14.0",
        "xo": "^0.39.1"
      },
      "engines": {
        "node": "^12.20.0 || ^14.13.1 || >=16.0.0"
      },
      "funding": {
        "type": "opencollective",
        "url": "https://opencollective.com/node-fetch"
      }
    },
    "../../../node_modules/.pnpm/source-map-support@0.5.21/node_modules/source-map-support": {
      "version": "0.5.21",
      "license": "MIT",
      "dependencies": {
        "buffer-from": "^1.0.0",
        "source-map": "^0.6.0"
      },
      "devDependencies": {
        "browserify": "^4.2.3",
        "coffeescript": "^1.12.7",
        "http-server": "^0.11.1",
        "mocha": "^3.5.3",
        "webpack": "^1.15.0"
      }
    },
    "../../../packages/api": {
      "name": "@cloudcommerce/api",
      "version": "0.0.83",
      "license": "Apache 2.0 with Commons Clause"
    },
    "../../../packages/config": {
      "name": "@cloudcommerce/config",
      "version": "0.0.83",
      "license": "Apache 2.0 with Commons Clause",
      "dependencies": {
        "@cloudcommerce/api": "workspace:*",
        "@fastify/deepmerge": "^1.1.0"
      },
      "devDependencies": {
        "@cloudcommerce/types": "workspace:*"
      }
    },
    "../../../packages/config/node_modules/@cloudcommerce/api": {
      "resolved": "../../../packages/api",
      "link": true
    },
    "../../../packages/config/node_modules/@cloudcommerce/types": {
      "resolved": "../../../packages/types",
      "link": true
    },
    "../../../packages/config/node_modules/@fastify/deepmerge": {
      "resolved": "../../../node_modules/.pnpm/@fastify+deepmerge@1.1.0/node_modules/@fastify/deepmerge",
      "link": true
    },
    "../../../packages/firebase": {
      "name": "@cloudcommerce/firebase",
      "version": "0.0.83",
      "license": "Apache 2.0 with Commons Clause",
      "dependencies": {
        "@cloudcommerce/api": "workspace:*",
        "@cloudcommerce/config": "workspace:*",
        "@google-cloud/pubsub": "^3.1.1",
        "firebase-admin": "^11.0.1",
        "firebase-functions": "^3.23.0",
        "node-fetch": "^3.2.10",
        "source-map-support": "^0.5.21"
      },
      "devDependencies": {
        "@cloudcommerce/types": "workspace:*",
        "@firebase/app-types": "^0.7.0"
      }
    },
    "../../../packages/firebase/node_modules/@cloudcommerce/api": {
      "resolved": "../../../packages/api",
      "link": true
    },
    "../../../packages/firebase/node_modules/@cloudcommerce/config": {
      "resolved": "../../../packages/config",
      "link": true
    },
    "../../../packages/firebase/node_modules/@cloudcommerce/types": {
      "resolved": "../../../packages/types",
      "link": true
    },
    "../../../packages/firebase/node_modules/@firebase/app-types": {
      "resolved": "../../../node_modules/.pnpm/@firebase+app-types@0.7.0/node_modules/@firebase/app-types",
      "link": true
    },
    "../../../packages/firebase/node_modules/@google-cloud/pubsub": {
      "resolved": "../../../node_modules/.pnpm/@google-cloud+pubsub@3.1.1/node_modules/@google-cloud/pubsub",
      "link": true
    },
    "../../../packages/firebase/node_modules/firebase-admin": {
      "resolved": "../../../node_modules/.pnpm/firebase-admin@11.0.1_@firebase+app-types@0.7.0/node_modules/firebase-admin",
      "link": true
    },
    "../../../packages/firebase/node_modules/firebase-functions": {
      "resolved": "../../../node_modules/.pnpm/firebase-functions@3.23.0_firebase-admin@11.0.1/node_modules/firebase-functions",
      "link": true
    },
    "../../../packages/firebase/node_modules/node-fetch": {
      "resolved": "../../../node_modules/.pnpm/node-fetch@3.2.10/node_modules/node-fetch",
      "link": true
    },
    "../../../packages/firebase/node_modules/source-map-support": {
      "resolved": "../../../node_modules/.pnpm/source-map-support@0.5.21/node_modules/source-map-support",
      "link": true
    },
    "../../../packages/ssr": {
      "name": "@cloudcommerce/ssr",
      "version": "0.0.83",
      "license": "Apache 2.0 with Commons Clause",
      "dependencies": {
        "@cloudcommerce/api": "workspace:*",
        "@cloudcommerce/firebase": "workspace:*",
        "compression": "^1.7.4",
        "firebase-admin": "^11.0.1",
        "firebase-functions": "^3.23.0",
        "source-map-support": "^0.5.21"
      },
      "devDependencies": {
        "@cloudcommerce/types": "workspace:*",
        "@firebase/app-types": "^0.7.0"
      }
    },
    "../../../packages/storefront": {
      "name": "@cloudcommerce/storefront",
      "version": "0.0.83",
      "license": "Apache 2.0 with Commons Clause",
      "dependencies": {
        "@astrojs/image": "^0.7.0",
        "@astrojs/node": "^1.0.1",
        "@astrojs/partytown": "^1.0.0",
        "@astrojs/prefetch": "^0.0.7",
        "@astrojs/sitemap": "^1.0.0",
        "@astrojs/vue": "^1.0.2",
        "@cloudcommerce/api": "workspace:*",
        "@cloudcommerce/config": "workspace:*",
        "@ecomplus/utils": "^1.4.1",
        "@iconify-json/bxl": "^1.1.4",
        "@iconify-json/heroicons": "^1.1.4",
        "@iconify-json/logos": "^1.1.16",
        "@nanostores/vue": "^0.6.0",
        "@picocss/pico": "^1.5.5",
        "@unocss/preset-attributify": "^0.45.21",
        "@unocss/preset-icons": "^0.45.21",
        "astro": "^1.2.6",
        "color": "^4.2.3",
        "dotenv": "^16.0.2",
        "firebase": "^9.10.0",
        "nanostores": "^0.7.0",
        "rollup": "^2.79.0",
        "unocss": "^0.45.21",
        "vite": "^3.1.3",
        "vite-plugin-pwa": "^0.12.8",
        "vue": "^3.2.39"
      }
    },
    "../../../packages/types": {
      "name": "@cloudcommerce/types",
      "version": "0.0.83",
      "dev": true,
      "license": "Apache 2.0 with Commons Clause",
      "dependencies": {
        "@cloudcommerce/api": "workspace:*"
      }
    },
    "../../../packages/types/node_modules/@cloudcommerce/api": {
      "resolved": "../../../packages/api",
      "link": true
    },
    "node_modules/@cloudcommerce/firebase": {
      "resolved": "../../../packages/firebase",
      "link": true
    },
    "node_modules/@cloudcommerce/ssr": {
      "resolved": "../../../packages/ssr",
      "link": true
    },
    "node_modules/@cloudcommerce/storefront": {
      "resolved": "../../../packages/storefront",
      "link": true
    },
    "node_modules/link": {
      "version": "1.5.1",
      "resolved": "https://registry.npmjs.org/link/-/link-1.5.1.tgz",
      "integrity": "sha512-80GBz0JfARAPedegdwtMHJ4tiPCQNqi9UZ0womJ5YU6Zw/Jc8JRji5cnhqkxGTTFAPLs1HftUDf81qUQg0aY0Q==",
      "bin": {
        "link": "dist/cli.js"
      },
      "funding": {
        "url": "https://github.com/privatenumber/link?sponsor=1"
      }
    }
  },
  "dependencies": {
    "@cloudcommerce/firebase": {
      "version": "file:../../../packages/firebase",
      "requires": {
        "@cloudcommerce/api": "workspace:*",
        "@cloudcommerce/config": "workspace:*",
        "@cloudcommerce/types": "workspace:*",
        "@firebase/app-types": "^0.7.0",
        "@google-cloud/pubsub": "^3.1.1",
        "firebase-admin": "^11.0.1",
        "firebase-functions": "^3.23.0",
        "node-fetch": "^3.2.10",
        "source-map-support": "^0.5.21"
      },
      "dependencies": {
        "@cloudcommerce/api": {
          "version": "file:../../../packages/api"
        },
        "@cloudcommerce/config": {
          "version": "file:../../../packages/config",
          "requires": {
            "@cloudcommerce/api": "workspace:*",
            "@cloudcommerce/types": "workspace:*",
            "@fastify/deepmerge": "^1.1.0"
          },
          "dependencies": {
            "@cloudcommerce/api": {
              "version": "file:../../../packages/api"
            },
            "@cloudcommerce/types": {
              "version": "file:../../../packages/types",
              "requires": {
                "@cloudcommerce/api": "workspace:*"
              },
              "dependencies": {
                "@cloudcommerce/api": {
                  "version": "file:../../../packages/api"
                }
              }
            },
            "@fastify/deepmerge": {
              "version": "file:../../../node_modules/.pnpm/@fastify+deepmerge@1.1.0/node_modules/@fastify/deepmerge",
              "requires": {
                "standard": "^17.0.0",
                "tap": "^16.3.0",
                "tsd": "^0.22.0"
              }
            }
          }
        },
        "@cloudcommerce/types": {
          "version": "file:../../../packages/types",
          "requires": {
            "@cloudcommerce/api": "workspace:*"
          },
          "dependencies": {
            "@cloudcommerce/api": {
              "version": "file:../../../packages/api"
            }
          }
        },
        "@firebase/app-types": {
          "version": "file:../../../node_modules/.pnpm/@firebase+app-types@0.7.0/node_modules/@firebase/app-types",
          "requires": {
            "typescript": "4.2.2"
          }
        },
        "@google-cloud/pubsub": {
          "version": "file:../../../node_modules/.pnpm/@google-cloud+pubsub@3.1.1/node_modules/@google-cloud/pubsub",
          "requires": {
            "@google-cloud/paginator": "^4.0.0",
            "@google-cloud/precise-date": "^3.0.0",
            "@google-cloud/projectify": "^3.0.0",
            "@google-cloud/promisify": "^2.0.0",
            "@grpc/proto-loader": "^0.7.0",
            "@opentelemetry/api": "^1.0.0",
            "@opentelemetry/semantic-conventions": "~1.3.0",
            "@opentelemetry/tracing": "^0.24.0",
            "@types/duplexify": "^3.6.0",
            "@types/execa": "^0.9.0",
            "@types/extend": "^3.0.0",
            "@types/lodash.snakecase": "^4.1.6",
            "@types/long": "^4.0.0",
            "@types/mocha": "^9.0.0",
            "@types/mv": "^2.1.0",
            "@types/ncp": "^2.0.1",
            "@types/node": "^16.0.0",
            "@types/proxyquire": "^1.3.28",
            "@types/sinon": "^10.0.0",
            "@types/tmp": "^0.2.0",
            "@types/uuid": "^8.0.0",
            "arrify": "^2.0.0",
            "c8": "^7.0.0",
            "codecov": "^3.0.0",
            "execa": "^5.0.0",
            "extend": "^3.0.2",
            "google-auth-library": "^8.0.2",
            "google-gax": "^3.3.0",
            "gts": "^3.1.0",
            "is-stream-ended": "^0.1.4",
            "jsdoc": "^3.6.2",
            "jsdoc-fresh": "^2.0.0",
            "jsdoc-region-tag": "^2.0.0",
            "linkinator": "^4.0.0",
            "lodash.snakecase": "^4.1.1",
            "mocha": "^9.2.2",
            "mv": "^2.1.1",
            "ncp": "^2.0.0",
            "null-loader": "^4.0.0",
            "p-defer": "^3.0.0",
            "protobufjs": "^7.0.0",
            "proxyquire": "^2.0.0",
            "sinon": "^14.0.0",
            "tmp": "^0.2.0",
            "ts-loader": "^9.0.0",
            "typescript": "^4.6.4",
            "uuid": "^8.0.0",
            "webpack": "^5.0.0",
            "webpack-cli": "^4.0.0",
            "yargs": "^16.0.0"
          }
        },
        "firebase-admin": {
          "version": "file:../../../node_modules/.pnpm/firebase-admin@11.0.1_@firebase+app-types@0.7.0/node_modules/firebase-admin",
          "requires": {
            "@fastify/busboy": "^1.1.0",
            "@firebase/api-documenter": "^0.2.0",
            "@firebase/app-compat": "^0.1.2",
            "@firebase/auth-compat": "^0.2.5",
            "@firebase/auth-types": "^0.11.0",
            "@firebase/database-compat": "^0.2.3",
            "@firebase/database-types": "^0.9.7",
            "@google-cloud/firestore": "^5.0.2",
            "@google-cloud/storage": "^6.1.0",
            "@microsoft/api-extractor": "^7.11.2",
            "@types/bcrypt": "^5.0.0",
            "@types/chai": "^4.0.0",
            "@types/chai-as-promised": "^7.1.0",
            "@types/firebase-token-generator": "^2.0.28",
            "@types/jsonwebtoken": "8.5.1",
            "@types/lodash": "^4.14.104",
            "@types/minimist": "^1.2.2",
            "@types/mocha": "^9.0.0",
            "@types/nock": "^11.1.0",
            "@types/node": ">=12.12.47",
            "@types/request": "^2.47.0",
            "@types/request-promise": "^4.1.41",
            "@types/sinon": "^10.0.2",
            "@types/sinon-chai": "^3.0.0",
            "@types/uuid": "^8.3.4",
            "@typescript-eslint/eslint-plugin": "^5.0.0",
            "@typescript-eslint/parser": "^5.0.0",
            "bcrypt": "^5.0.0",
            "chai": "^4.2.0",
            "chai-as-promised": "^7.0.0",
            "chai-exclude": "^2.1.0",
            "chalk": "^4.1.1",
            "child-process-promise": "^2.2.1",
            "del": "^6.0.0",
            "eslint": "^8.12.0",
            "firebase-token-generator": "^2.0.0",
            "gulp": "^4.0.2",
            "gulp-filter": "^7.0.0",
            "gulp-header": "^2.0.9",
            "gulp-typescript": "^5.0.1",
            "http-message-parser": "^0.0.34",
            "jsonwebtoken": "^8.5.1",
            "jwks-rsa": "^2.0.2",
            "lodash": "^4.17.15",
            "minimist": "^1.2.6",
            "mocha": "^10.0.0",
            "mz": "^2.7.0",
            "nock": "^13.0.0",
            "node-forge": "^1.3.1",
            "npm-run-all": "^4.1.5",
            "nyc": "^15.1.0",
            "request": "^2.75.0",
            "request-promise": "^4.1.1",
            "run-sequence": "^2.2.1",
            "sinon": "^14.0.0",
            "sinon-chai": "^3.0.0",
            "ts-node": "^10.2.0",
            "typescript": "^4.6.4",
            "uuid": "^8.3.2",
            "yargs": "^17.0.1"
          }
        },
        "firebase-functions": {
          "version": "file:../../../node_modules/.pnpm/firebase-functions@3.23.0_firebase-admin@11.0.1/node_modules/firebase-functions",
          "requires": {
            "@firebase/api-documenter": "^0.2.0",
            "@microsoft/api-documenter": "^7.13.45",
            "@microsoft/api-extractor": "^7.18.7",
            "@types/chai": "^4.1.7",
            "@types/chai-as-promised": "^7.1.0",
            "@types/cors": "^2.8.5",
            "@types/express": "4.17.3",
            "@types/jsonwebtoken": "^8.3.2",
            "@types/lodash": "^4.14.135",
            "@types/mocha": "^5.2.7",
            "@types/mock-require": "^2.0.0",
            "@types/nock": "^10.0.3",
            "@types/node": "^8.10.50",
            "@types/node-fetch": "^3.0.3",
            "@types/sinon": "^7.0.13",
            "api-extractor-model-me": "^0.1.1",
            "chai": "^4.2.0",
            "chai-as-promised": "^7.1.1",
            "child-process-promise": "^2.2.1",
            "cors": "^2.8.5",
            "express": "^4.17.1",
            "firebase-admin": "^10.3.0",
            "js-yaml": "^3.13.1",
            "jsdom": "^16.2.1",
            "jsonwebtoken": "^8.5.1",
            "jwk-to-pem": "^2.0.5",
            "lodash": "^4.17.14",
            "mocha": "^6.1.4",
            "mock-require": "^3.0.3",
            "mz": "^2.7.0",
            "nock": "^10.0.6",
            "node-fetch": "^2.6.7",
            "portfinder": "^1.0.28",
            "prettier": "^1.18.2",
            "semver": "^7.3.5",
            "sinon": "^7.3.2",
            "ts-node": "^10.4.0",
            "tslint": "^5.18.0",
            "tslint-config-prettier": "^1.18.0",
            "tslint-no-unused-expression-chai": "^0.1.4",
            "tslint-plugin-prettier": "^2.0.1",
            "typedoc": "0.23.7",
            "typescript": "^4.3.5",
            "yargs": "^15.3.1"
          }
        },
        "node-fetch": {
          "version": "file:../../../node_modules/.pnpm/node-fetch@3.2.10/node_modules/node-fetch",
          "requires": {
            "abort-controller": "^3.0.0",
            "abortcontroller-polyfill": "^1.7.1",
            "busboy": "^1.4.0",
            "c8": "^7.7.2",
            "chai": "^4.3.4",
            "chai-as-promised": "^7.1.1",
            "chai-iterator": "^3.0.2",
            "chai-string": "^1.5.0",
            "coveralls": "^3.1.0",
            "data-uri-to-buffer": "^4.0.0",
            "fetch-blob": "^3.1.4",
            "form-data": "^4.0.0",
            "formdata-node": "^4.2.4",
            "formdata-polyfill": "^4.0.10",
            "mocha": "^9.1.3",
            "p-timeout": "^5.0.0",
            "stream-consumers": "^1.0.1",
            "tsd": "^0.14.0",
            "xo": "^0.39.1"
          }
        },
        "source-map-support": {
          "version": "file:../../../node_modules/.pnpm/source-map-support@0.5.21/node_modules/source-map-support",
          "requires": {
            "browserify": "^4.2.3",
            "buffer-from": "^1.0.0",
            "coffeescript": "^1.12.7",
            "http-server": "^0.11.1",
            "mocha": "^3.5.3",
            "source-map": "^0.6.0",
            "webpack": "^1.15.0"
          }
        }
      }
    },
    "@cloudcommerce/ssr": {
      "version": "file:../../../packages/ssr",
      "requires": {
        "@cloudcommerce/api": "workspace:*",
        "@cloudcommerce/firebase": "workspace:*",
        "@cloudcommerce/types": "workspace:*",
        "@firebase/app-types": "^0.7.0",
        "compression": "^1.7.4",
        "firebase-admin": "^11.0.1",
        "firebase-functions": "^3.23.0",
        "source-map-support": "^0.5.21"
      }
    },
    "@cloudcommerce/storefront": {
      "version": "file:../../../packages/storefront",
      "requires": {
        "@astrojs/image": "^0.7.0",
        "@astrojs/node": "^1.0.1",
        "@astrojs/partytown": "^1.0.0",
        "@astrojs/prefetch": "^0.0.7",
        "@astrojs/sitemap": "^1.0.0",
        "@astrojs/vue": "^1.0.2",
        "@cloudcommerce/api": "workspace:*",
        "@cloudcommerce/config": "workspace:*",
        "@ecomplus/utils": "^1.4.1",
        "@iconify-json/bxl": "^1.1.4",
        "@iconify-json/heroicons": "^1.1.4",
        "@iconify-json/logos": "^1.1.16",
        "@nanostores/vue": "^0.6.0",
        "@picocss/pico": "^1.5.5",
        "@unocss/preset-attributify": "^0.45.21",
        "@unocss/preset-icons": "^0.45.21",
        "astro": "^1.2.6",
        "color": "^4.2.3",
        "dotenv": "^16.0.2",
        "firebase": "^9.10.0",
        "nanostores": "^0.7.0",
        "rollup": "^2.79.0",
        "unocss": "^0.45.21",
        "vite": "^3.1.3",
        "vite-plugin-pwa": "^0.12.8",
        "vue": "^3.2.39"
      }
    },
    "link": {
      "version": "1.5.1",
      "resolved": "https://registry.npmjs.org/link/-/link-1.5.1.tgz",
      "integrity": "sha512-80GBz0JfARAPedegdwtMHJ4tiPCQNqi9UZ0womJ5YU6Zw/Jc8JRji5cnhqkxGTTFAPLs1HftUDf81qUQg0aY0Q=="
    }
  }
}
