{
  "name": "@ecomplus/store",
  "lockfileVersion": 2,
  "requires": true,
  "packages": {
    "": {
      "name": "@ecomplus/store",
      "license": "Apache 2.0 with Commons Clause",
      "dependencies": {
        "@cloudcommerce/cli": "^0.0.109"
      }
    },
    "../node_modules/.pnpm/@cloudcommerce+cli@0.0.109/node_modules/@cloudcommerce/cli": {
      "version": "0.0.109",
      "license": "Apache 2.0 with Commons Clause",
      "dependencies": {
        "@cloudcommerce/api": "0.0.109",
        "libsodium-wrappers": "^0.7.10",
        "md5": "^2.3.0",
        "zx": "^7.0.8"
      },
      "bin": {
        "cloudcommerce": "bin/run.mjs"
      }
    },
    "node_modules/@cloudcommerce/cli": {
      "resolved": "../node_modules/.pnpm/@cloudcommerce+cli@0.0.109/node_modules/@cloudcommerce/cli",
      "link": true
    }
  },
  "dependencies": {
    "@cloudcommerce/cli": {
      "version": "file:../node_modules/.pnpm/@cloudcommerce+cli@0.0.109/node_modules/@cloudcommerce/cli",
      "requires": {
        "@cloudcommerce/api": "0.0.109",
        "libsodium-wrappers": "^0.7.10",
        "md5": "^2.3.0",
        "zx": "^7.0.8"
      }
    }
  }
}
