{
  "name": "@ecomplus/store",
  "lockfileVersion": 2,
  "requires": true,
  "packages": {
    "": {
      "name": "@ecomplus/store",
      "license": "Apache 2.0 with Commons Clause",
      "dependencies": {
        "@cloudcommerce/cli": "file:../packages/cli",
        "link": "^1.5.1"
      }
    },
    "../node_modules/.pnpm/file+packages+cli/node_modules/@cloudcommerce/cli": {
      "version": "0.0.114",
      "extraneous": true,
      "license": "Apache 2.0 with Commons Clause",
      "dependencies": {
        "@cloudcommerce/api": "workspace:*",
        "libsodium-wrappers": "^0.7.10",
        "md5": "^2.3.0",
        "zx": "^7.1.1"
      },
      "bin": {
        "cloudcommerce": "bin/run.mjs"
      }
    },
    "../packages/cli": {
      "version": "0.0.114",
      "license": "Apache 2.0 with Commons Clause",
      "dependencies": {
        "@cloudcommerce/api": "workspace:*",
        "libsodium-wrappers": "^0.7.10",
        "md5": "^2.3.0",
        "zx": "^7.1.1"
      },
      "bin": {
        "cloudcommerce": "bin/run.mjs"
      }
    },
    "node_modules/@cloudcommerce/cli": {
      "resolved": "../packages/cli",
      "link": true
    },
    "node_modules/link": {
      "version": "1.5.1",
      "resolved": "https://registry.npmjs.org/link/-/link-1.5.1.tgz",
      "integrity": "sha512-80GBz0JfARAPedegdwtMHJ4tiPCQNqi9UZ0womJ5YU6Zw/Jc8JRji5cnhqkxGTTFAPLs1HftUDf81qUQg0aY0Q==",
      "bin": {
        "link": "dist/cli.js"
      },
      "funding": {
        "url": "https://github.com/privatenumber/link?sponsor=1"
      }
    }
  },
  "dependencies": {
    "@cloudcommerce/cli": {
      "version": "file:../packages/cli",
      "requires": {
        "@cloudcommerce/api": "workspace:*",
        "libsodium-wrappers": "^0.7.10",
        "md5": "^2.3.0",
        "zx": "^7.1.1"
      }
    },
    "link": {
      "version": "1.5.1",
      "resolved": "https://registry.npmjs.org/link/-/link-1.5.1.tgz",
      "integrity": "sha512-80GBz0JfARAPedegdwtMHJ4tiPCQNqi9UZ0womJ5YU6Zw/Jc8JRji5cnhqkxGTTFAPLs1HftUDf81qUQg0aY0Q=="
    }
  }
}
