{
  "name": "passport",
  "lockfileVersion": 2,
  "requires": true,
  "packages": {
    "": {
      "name": "passport",
      "dependencies": {
        "@cloudcommerce/firebase": "^0.0.109",
        "@cloudcommerce/passport": "^0.0.109"
      },
      "engines": {
        "node": "16"
      }
    },
    "../../../node_modules/.pnpm/@cloudcommerce+firebase@0.0.109/node_modules/@cloudcommerce/firebase": {
      "version": "0.0.109",
      "license": "Apache 2.0 with Commons Clause",
      "dependencies": {
        "@cloudcommerce/api": "0.0.109",
        "@cloudcommerce/config": "0.0.109",
        "@google-cloud/pubsub": "^3.2.0",
        "firebase-admin": "^11.0.1",
        "firebase-functions": "^3.24.1",
        "node-fetch": "^3.2.10",
        "source-map-support": "^0.5.21"
      },
      "devDependencies": {
        "@cloudcommerce/types": "0.0.109",
        "@firebase/app-types": "^0.7.0"
      }
    },
    "../../../node_modules/.pnpm/@cloudcommerce+passport@0.0.109/node_modules/@cloudcommerce/passport": {
      "version": "0.0.109",
      "license": "Apache 2.0 with Commons Clause",
      "dependencies": {
        "@cloudcommerce/api": "0.0.109",
        "@cloudcommerce/firebase": "0.0.109",
        "firebase-admin": "^11.0.1",
        "firebase-functions": "^3.24.1",
        "source-map-support": "^0.5.21"
      },
      "devDependencies": {
        "@cloudcommerce/types": "0.0.109",
        "@firebase/app-types": "^0.7.0"
      }
    },
    "node_modules/@cloudcommerce/firebase": {
      "resolved": "../../../node_modules/.pnpm/@cloudcommerce+firebase@0.0.109/node_modules/@cloudcommerce/firebase",
      "link": true
    },
    "node_modules/@cloudcommerce/passport": {
      "resolved": "../../../node_modules/.pnpm/@cloudcommerce+passport@0.0.109/node_modules/@cloudcommerce/passport",
      "link": true
    }
  },
  "dependencies": {
    "@cloudcommerce/firebase": {
      "version": "file:../../../node_modules/.pnpm/@cloudcommerce+firebase@0.0.109/node_modules/@cloudcommerce/firebase",
      "requires": {
        "@cloudcommerce/api": "0.0.109",
        "@cloudcommerce/config": "0.0.109",
        "@cloudcommerce/types": "0.0.109",
        "@firebase/app-types": "^0.7.0",
        "@google-cloud/pubsub": "^3.2.0",
        "firebase-admin": "^11.0.1",
        "firebase-functions": "^3.24.1",
        "node-fetch": "^3.2.10",
        "source-map-support": "^0.5.21"
      }
    },
    "@cloudcommerce/passport": {
      "version": "file:../../../node_modules/.pnpm/@cloudcommerce+passport@0.0.109/node_modules/@cloudcommerce/passport",
      "requires": {
        "@cloudcommerce/api": "0.0.109",
        "@cloudcommerce/firebase": "0.0.109",
        "@cloudcommerce/types": "0.0.109",
        "@firebase/app-types": "^0.7.0",
        "firebase-admin": "^11.0.1",
        "firebase-functions": "^3.24.1",
        "source-map-support": "^0.5.21"
      }
    }
  }
}
