{
  "name": "passport",
  "lockfileVersion": 2,
  "requires": true,
  "packages": {
    "": {
      "name": "passport",
      "dependencies": {
        "@cloudcommerce/firebase": "file:../../../packages/firebase",
        "@cloudcommerce/passport": "file:../../../packages/passport",
        "link": "^1.5.1"
      },
      "engines": {
        "node": "16"
      }
    },
    "../../../packages/firebase": {
      "name": "@cloudcommerce/firebase",
      "version": "0.0.114",
      "license": "Apache 2.0 with Commons Clause",
      "dependencies": {
        "@cloudcommerce/api": "workspace:*",
        "@cloudcommerce/config": "workspace:*",
        "@google-cloud/pubsub": "^3.2.0",
        "firebase-admin": "^11.1.0",
        "firebase-functions": "^3.24.1",
        "node-fetch": "^3.2.10",
        "source-map-support": "^0.5.21"
      },
      "devDependencies": {
        "@cloudcommerce/types": "workspace:*",
        "@firebase/app-types": "^0.8.0"
      }
    },
    "../../../packages/passport": {
      "name": "@cloudcommerce/passport",
      "version": "0.0.114",
      "license": "Apache 2.0 with Commons Clause",
      "dependencies": {
        "@cloudcommerce/api": "workspace:*",
        "@cloudcommerce/firebase": "workspace:*",
        "firebase-admin": "^11.1.0",
        "firebase-functions": "^3.24.1",
        "source-map-support": "^0.5.21"
      },
      "devDependencies": {
        "@cloudcommerce/types": "workspace:*",
        "@firebase/app-types": "^0.8.0"
      }
    },
    "node_modules/@cloudcommerce/firebase": {
      "resolved": "../../../packages/firebase",
      "link": true
    },
    "node_modules/@cloudcommerce/passport": {
      "resolved": "../../../packages/passport",
      "link": true
    },
    "node_modules/link": {
      "version": "1.5.1",
      "resolved": "https://registry.npmjs.org/link/-/link-1.5.1.tgz",
      "integrity": "sha512-80GBz0JfARAPedegdwtMHJ4tiPCQNqi9UZ0womJ5YU6Zw/Jc8JRji5cnhqkxGTTFAPLs1HftUDf81qUQg0aY0Q==",
      "bin": {
        "link": "dist/cli.js"
      },
      "funding": {
        "url": "https://github.com/privatenumber/link?sponsor=1"
      }
    }
  },
  "dependencies": {
    "@cloudcommerce/firebase": {
      "version": "file:../../../packages/firebase",
      "requires": {
        "@cloudcommerce/api": "workspace:*",
        "@cloudcommerce/config": "workspace:*",
        "@cloudcommerce/types": "workspace:*",
        "@firebase/app-types": "^0.8.0",
        "@google-cloud/pubsub": "^3.2.0",
        "firebase-admin": "^11.1.0",
        "firebase-functions": "^3.24.1",
        "node-fetch": "^3.2.10",
        "source-map-support": "^0.5.21"
      }
    },
    "@cloudcommerce/passport": {
      "version": "file:../../../packages/passport",
      "requires": {
        "@cloudcommerce/api": "workspace:*",
        "@cloudcommerce/firebase": "workspace:*",
        "@cloudcommerce/types": "workspace:*",
        "@firebase/app-types": "^0.8.0",
        "firebase-admin": "^11.1.0",
        "firebase-functions": "^3.24.1",
        "source-map-support": "^0.5.21"
      }
    },
    "link": {
      "version": "1.5.1",
      "resolved": "https://registry.npmjs.org/link/-/link-1.5.1.tgz",
      "integrity": "sha512-80GBz0JfARAPedegdwtMHJ4tiPCQNqi9UZ0womJ5YU6Zw/Jc8JRji5cnhqkxGTTFAPLs1HftUDf81qUQg0aY0Q=="
    }
  }
}
